
Microsoft Visual Studio Solution File, Format Version 12.00
# Visual Studio Version 17
VisualStudioVersion = 17.10.35201.131
MinimumVisualStudioVersion = 10.0.40219.1
Project("{9A19103F-16F7-4668-BE54-9A1E7A4F7556}") = "SerilogDemo", "SerilogDemo.csproj", "{2488669C-335E-452E-8D2F-D101F00E3B38}"
EndProject
Global
	GlobalSection(SolutionConfigurationPlatforms) = preSolution
		Debug|Any CPU = Debug|Any CPU
		Release|Any CPU = Release|Any CPU
	EndGlobalSection
	GlobalSection(ProjectConfigurationPlatforms) = postSolution
		{2488669C-335E-452E-8D2F-D101F00E3B38}.Debug|Any CPU.ActiveCfg = Debug|Any CPU
		{2488669C-335E-452E-8D2F-D101F00E3B38}.Debug|Any CPU.Build.0 = Debug|Any CPU
		{2488669C-335E-452E-8D2F-D101F00E3B38}.Release|Any CPU.ActiveCfg = Release|Any CPU
		{2488669C-335E-452E-8D2F-D101F00E3B38}.Release|Any CPU.Build.0 = Release|Any CPU
	EndGlobalSection
	GlobalSection(SolutionProperties) = preSolution
		HideSolutionNode = FALSE
	EndGlobalSection
	GlobalSection(ExtensibilityGlobals) = postSolution
		SolutionGuid = {141B696C-EA3D-49AC-9FD3-74D63517776A}
	EndGlobalSection
EndGlobal
